
Microsoft Visual Studio Solution File, Format Version 12.00
# Visual Studio 15
VisualStudioVersion = 15.0.28307.136
MinimumVisualStudioVersion = 10.0.40219.1
Project("{8BC9CEB8-8B4A-11D0-8D11-00A0C91BC942}") = "1404", "1404\1404.vcxproj", "{36B6BD2F-BA2E-4B43-8B63-D7F5F88C9955}"
EndProject
Project("{8BC9CEB8-8B4A-11D0-8D11-00A0C91BC942}") = "1505", "1505\1505.vcxproj", "{FE187931-7B93-4B5C-AA12-9B56C9F76990}"
EndProject
Project("{8BC9CEB8-8B4A-11D0-8D11-00A0C91BC942}") = "1409", "1409\1409.vcxproj", "{ADD15F11-4786-4327-8111-1401401EC529}"
EndProject
Project("{8BC9CEB8-8B4A-11D0-8D11-00A0C91BC942}") = "1607", "1607\1607.vcxproj", "{E794F853-40D9-4E07-8E1A-803EF5CF01BF}"
EndProject
Project("{8BC9CEB8-8B4A-11D0-8D11-00A0C91BC942}") = "1610", "1610\1610.vcxproj", "{3E2FC973-14C8-4E1C-8942-3F282CD730A5}"
EndProject
Global
	GlobalSection(SolutionConfigurationPlatforms) = preSolution
		Debug|x64 = Debug|x64
		Debug|x86 = Debug|x86
		Release|x64 = Release|x64
		Release|x86 = Release|x86
	EndGlobalSection
	GlobalSection(ProjectConfigurationPlatforms) = postSolution
		{36B6BD2F-BA2E-4B43-8B63-D7F5F88C9955}.Debug|x64.ActiveCfg = Debug|x64
		{36B6BD2F-BA2E-4B43-8B63-D7F5F88C9955}.Debug|x64.Build.0 = Debug|x64
		{36B6BD2F-BA2E-4B43-8B63-D7F5F88C9955}.Debug|x86.ActiveCfg = Debug|Win32
		{36B6BD2F-BA2E-4B43-8B63-D7F5F88C9955}.Debug|x86.Build.0 = Debug|Win32
		{36B6BD2F-BA2E-4B43-8B63-D7F5F88C9955}.Release|x64.ActiveCfg = Release|x64
		{36B6BD2F-BA2E-4B43-8B63-D7F5F88C9955}.Release|x64.Build.0 = Release|x64
		{36B6BD2F-BA2E-4B43-8B63-D7F5F88C9955}.Release|x86.ActiveCfg = Release|Win32
		{36B6BD2F-BA2E-4B43-8B63-D7F5F88C9955}.Release|x86.Build.0 = Release|Win32
		{FE187931-7B93-4B5C-AA12-9B56C9F76990}.Debug|x64.ActiveCfg = Debug|x64
		{FE187931-7B93-4B5C-AA12-9B56C9F76990}.Debug|x64.Build.0 = Debug|x64
		{FE187931-7B93-4B5C-AA12-9B56C9F76990}.Debug|x86.ActiveCfg = Debug|Win32
		{FE187931-7B93-4B5C-AA12-9B56C9F76990}.Debug|x86.Build.0 = Debug|Win32
		{FE187931-7B93-4B5C-AA12-9B56C9F76990}.Release|x64.ActiveCfg = Release|x64
		{FE187931-7B93-4B5C-AA12-9B56C9F76990}.Release|x64.Build.0 = Release|x64
		{FE187931-7B93-4B5C-AA12-9B56C9F76990}.Release|x86.ActiveCfg = Release|Win32
		{FE187931-7B93-4B5C-AA12-9B56C9F76990}.Release|x86.Build.0 = Release|Win32
		{ADD15F11-4786-4327-8111-1401401EC529}.Debug|x64.ActiveCfg = Debug|x64
		{ADD15F11-4786-4327-8111-1401401EC529}.Debug|x64.Build.0 = Debug|x64
		{ADD15F11-4786-4327-8111-1401401EC529}.Debug|x86.ActiveCfg = Debug|Win32
		{ADD15F11-4786-4327-8111-1401401EC529}.Debug|x86.Build.0 = Debug|Win32
		{ADD15F11-4786-4327-8111-1401401EC529}.Release|x64.ActiveCfg = Release|x64
		{ADD15F11-4786-4327-8111-1401401EC529}.Release|x64.Build.0 = Release|x64
		{ADD15F11-4786-4327-8111-1401401EC529}.Release|x86.ActiveCfg = Release|Win32
		{ADD15F11-4786-4327-8111-1401401EC529}.Release|x86.Build.0 = Release|Win32
		{E794F853-40D9-4E07-8E1A-803EF5CF01BF}.Debug|x64.ActiveCfg = Debug|x64
		{E794F853-40D9-4E07-8E1A-803EF5CF01BF}.Debug|x64.Build.0 = Debug|x64
		{E794F853-40D9-4E07-8E1A-803EF5CF01BF}.Debug|x86.ActiveCfg = Debug|Win32
		{E794F853-40D9-4E07-8E1A-803EF5CF01BF}.Debug|x86.Build.0 = Debug|Win32
		{E794F853-40D9-4E07-8E1A-803EF5CF01BF}.Release|x64.ActiveCfg = Release|x64
		{E794F853-40D9-4E07-8E1A-803EF5CF01BF}.Release|x64.Build.0 = Release|x64
		{E794F853-40D9-4E07-8E1A-803EF5CF01BF}.Release|x86.ActiveCfg = Release|Win32
		{E794F853-40D9-4E07-8E1A-803EF5CF01BF}.Release|x86.Build.0 = Release|Win32
		{3E2FC973-14C8-4E1C-8942-3F282CD730A5}.Debug|x64.ActiveCfg = Debug|x64
		{3E2FC973-14C8-4E1C-8942-3F282CD730A5}.Debug|x64.Build.0 = Debug|x64
		{3E2FC973-14C8-4E1C-8942-3F282CD730A5}.Debug|x86.ActiveCfg = Debug|Win32
		{3E2FC973-14C8-4E1C-8942-3F282CD730A5}.Debug|x86.Build.0 = Debug|Win32
		{3E2FC973-14C8-4E1C-8942-3F282CD730A5}.Release|x64.ActiveCfg = Release|x64
		{3E2FC973-14C8-4E1C-8942-3F282CD730A5}.Release|x64.Build.0 = Release|x64
		{3E2FC973-14C8-4E1C-8942-3F282CD730A5}.Release|x86.ActiveCfg = Release|Win32
		{3E2FC973-14C8-4E1C-8942-3F282CD730A5}.Release|x86.Build.0 = Release|Win32
	EndGlobalSection
	GlobalSection(SolutionProperties) = preSolution
		HideSolutionNode = FALSE
	EndGlobalSection
	GlobalSection(ExtensibilityGlobals) = postSolution
		SolutionGuid = {922D5E7D-E33D-41A8-A5A2-3025792F47BA}
	EndGlobalSection
EndGlobal
